{
  "name": "keyBuddyCapstoneAuth",
  "lockfileVersion": 3,
  "requires": true,
  "packages": {
    "": {
      "dependencies": {
        "howler": "^2.2.4",
        "tonal": "^6.4.1",
        "tone": "^15.0.4",
        "vexflow": "^5.0.0"
      }
    },
    "node_modules/@babel/runtime": {
      "version": "7.26.7",
      "resolved": "https://registry.npmjs.org/@babel/runtime/-/runtime-7.26.7.tgz",
      "integrity": "sha512-AOPI3D+a8dXnja+iwsUqGRjr1BbZIe771sXdapOtYI531gSqpi92vXivKcq2asu/DFpdl1ceFAKZyRzK2PCVcQ==",
      "dependencies": {
        "regenerator-runtime": "^0.14.0"
      },
      "engines": {
        "node": ">=6.9.0"
      }
    },
    "node_modules/@tonaljs/abc-notation": {
      "version": "4.9.1",
      "resolved": "https://registry.npmjs.org/@tonaljs/abc-notation/-/abc-notation-4.9.1.tgz",
      "integrity": "sha512-2fDUdPsFDdgZgyIiZCTYGKy30QiwIQxSXCSN2thGrSMXbQKCp8iTC8haStYcrA+25MPWhWlmvC/pz3tGcTNAqQ==",
      "license": "MIT",
      "dependencies": {
        "@tonaljs/pitch-distance": "5.0.5",
        "@tonaljs/pitch-note": "6.1.0"
      }
    },
    "node_modules/@tonaljs/array": {
      "version": "4.8.4",
      "resolved": "https://registry.npmjs.org/@tonaljs/array/-/array-4.8.4.tgz",
      "integrity": "sha512-97HVdpZy82PqNBDMM9PRSbO2DUrnxNg3++N4xqLpfby70fKHAHhTWrMXWZK+Dzs76HDPQLd+qhd4cq28eBZzjw==",
      "license": "MIT",
      "dependencies": {
        "@tonaljs/pitch-note": "6.1.0"
      }
    },
    "node_modules/@tonaljs/chord": {
      "version": "6.1.1",
      "resolved": "https://registry.npmjs.org/@tonaljs/chord/-/chord-6.1.1.tgz",
      "integrity": "sha512-gsLyGGkOt0g5L/uF4ICpYQengahW3WAMjckyvyzvqMYpvH7fokmtcymOfbltDQzaVuYuL0TsVmbfjbah2rKEww==",
      "license": "MIT",
      "dependencies": {
        "@tonaljs/chord-detect": "4.9.1",
        "@tonaljs/chord-type": "5.1.1",
        "@tonaljs/collection": "4.9.0",
        "@tonaljs/interval": "^5.1.0",
        "@tonaljs/pcset": "4.10.1",
        "@tonaljs/pitch-distance": "5.0.5",
        "@tonaljs/pitch-note": "6.1.0",
        "@tonaljs/scale-type": "4.9.1"
      }
    },
    "node_modules/@tonaljs/chord-detect": {
      "version": "4.9.1",
      "resolved": "https://registry.npmjs.org/@tonaljs/chord-detect/-/chord-detect-4.9.1.tgz",
      "integrity": "sha512-rV/9+R7aZ9cQorQ3jdNMMMh63onosglYZM71Q0n7KKcWMAGrxF66MzxBG82xy+w1QDMJQslB3iHfDHUiS6wRjA==",
      "license": "MIT",
      "dependencies": {
        "@tonaljs/chord-type": "5.1.1",
        "@tonaljs/pcset": "4.10.1",
        "@tonaljs/pitch-note": "6.1.0"
      }
    },
    "node_modules/@tonaljs/chord-type": {
      "version": "5.1.1",
      "resolved": "https://registry.npmjs.org/@tonaljs/chord-type/-/chord-type-5.1.1.tgz",
      "integrity": "sha512-ti4WzRYvvjH7to0G3zlJFq7WsjHqmcqbk8Jv98aZSR5YumLdY/ua2yOPPyoPq82n6vfgjZsacnAZ3v8/SodOcw==",
      "license": "MIT",
      "dependencies": {
        "@tonaljs/pcset": "4.10.1"
      }
    },
    "node_modules/@tonaljs/collection": {
      "version": "4.9.0",
      "resolved": "https://registry.npmjs.org/@tonaljs/collection/-/collection-4.9.0.tgz",
      "integrity": "sha512-Mk0h7O54nT6PgNVcUYauzxa5KOB23+0AOKudWzRH7JhJIN9vhVIC7PtwZXE+/G051UTbHSFIcN/afkgF4nB/8A==",
      "license": "MIT"
    },
    "node_modules/@tonaljs/core": {
      "version": "5.0.2",
      "resolved": "https://registry.npmjs.org/@tonaljs/core/-/core-5.0.2.tgz",
      "integrity": "sha512-v/fIRsB+lz93/yJnDEWvjDX6nDJ/Pz3cb0znm/UD8qKpN9BhN+v93iIaZG5LX0J2JNS35TtgIhwKFO10j6zieQ==",
      "license": "MIT",
      "dependencies": {
        "@tonaljs/pitch": "5.0.2",
        "@tonaljs/pitch-distance": "5.0.5",
        "@tonaljs/pitch-interval": "6.1.0",
        "@tonaljs/pitch-note": "6.1.0"
      }
    },
    "node_modules/@tonaljs/duration-value": {
      "version": "4.9.0",
      "resolved": "https://registry.npmjs.org/@tonaljs/duration-value/-/duration-value-4.9.0.tgz",
      "integrity": "sha512-Muz54HyIe0nMYKWx6wyTa4y17ma29DtpJF4/oqJphy6A124rAVDe/SKit8JGOvDYAQj71FUXqs17sXBxO/ExVw==",
      "license": "MIT"
    },
    "node_modules/@tonaljs/interval": {
      "version": "5.1.0",
      "resolved": "https://registry.npmjs.org/@tonaljs/interval/-/interval-5.1.0.tgz",
      "integrity": "sha512-GR9dUjn0j7yhjwjRh8HQxZYXOiVl05WfY3AFyMB9rfg807K4dSJmWfPTULPQXyHJ6NiZOPXcwRs8MxMLDxgdbg==",
      "license": "MIT",
      "dependencies": {
        "@tonaljs/pitch": "^5.0.2",
        "@tonaljs/pitch-distance": "^5.0.4",
        "@tonaljs/pitch-interval": "^6.0.0"
      }
    },
    "node_modules/@tonaljs/key": {
      "version": "4.11.1",
      "resolved": "https://registry.npmjs.org/@tonaljs/key/-/key-4.11.1.tgz",
      "integrity": "sha512-bZGKhSR+ThYS4CHVR3gS4aVkAM9PYqQPjNvsqwSRDzpuPynuGqIJbEXxx2sTmoendSOQYQXh5OaiDCQZAbk66w==",
      "license": "MIT",
      "dependencies": {
        "@tonaljs/note": "4.12.0",
        "@tonaljs/pitch-note": "6.1.0",
        "@tonaljs/roman-numeral": "4.9.1"
      }
    },
    "node_modules/@tonaljs/midi": {
      "version": "4.10.1",
      "resolved": "https://registry.npmjs.org/@tonaljs/midi/-/midi-4.10.1.tgz",
      "integrity": "sha512-8epOg4fFArpoR94fkWiPf60kPwFnTi2ZSxYTfueTVOI9l/TIaMk9oEBfw8ZKuuJygGU2LMk27/hKW2rQI5zFNg==",
      "license": "MIT",
      "dependencies": {
        "@tonaljs/pitch-note": "6.1.0"
      }
    },
    "node_modules/@tonaljs/mode": {
      "version": "4.9.1",
      "resolved": "https://registry.npmjs.org/@tonaljs/mode/-/mode-4.9.1.tgz",
      "integrity": "sha512-h+K7eOUKpyX7kMRCwCew6cV1oN0sZYD5LLeKD7zEERNd/6wvGBfGCdMZECGqzpFUmjUyCY87IOntem6EPbKVCg==",
      "license": "MIT",
      "dependencies": {
        "@tonaljs/collection": "4.9.0",
        "@tonaljs/interval": "5.1.0",
        "@tonaljs/pcset": "4.10.1",
        "@tonaljs/pitch-distance": "5.0.5",
        "@tonaljs/pitch-note": "6.1.0",
        "@tonaljs/scale-type": "4.9.1"
      }
    },
    "node_modules/@tonaljs/note": {
      "version": "4.12.0",
      "resolved": "https://registry.npmjs.org/@tonaljs/note/-/note-4.12.0.tgz",
      "integrity": "sha512-MgHeSTRldgPteucHI+gKzFkqJ8eVPHelxCNeAFr+hTryLoottr/rfqI93GeJkriH3r8jG81LQBxKRbzN4m3Qeg==",
      "license": "MIT",
      "dependencies": {
        "@tonaljs/midi": "4.10.1",
        "@tonaljs/pitch": "5.0.2",
        "@tonaljs/pitch-distance": "5.0.5",
        "@tonaljs/pitch-interval": "6.1.0",
        "@tonaljs/pitch-note": "6.1.0"
      }
    },
    "node_modules/@tonaljs/pcset": {
      "version": "4.10.1",
      "resolved": "https://registry.npmjs.org/@tonaljs/pcset/-/pcset-4.10.1.tgz",
      "integrity": "sha512-CZG1rpKc38yMfpEJsbDTvsTmQqsek9xxcuMgK64Tr6sP1lEiDuZJbQeKVWWRnreBF2FQ1cEGLmfOpvSO+40csA==",
      "license": "MIT",
      "dependencies": {
        "@tonaljs/collection": "4.9.0",
        "@tonaljs/pitch": "5.0.2",
        "@tonaljs/pitch-distance": "5.0.5",
        "@tonaljs/pitch-interval": "6.1.0",
        "@tonaljs/pitch-note": "6.1.0"
      }
    },
    "node_modules/@tonaljs/pitch": {
      "version": "5.0.2",
      "resolved": "https://registry.npmjs.org/@tonaljs/pitch/-/pitch-5.0.2.tgz",
      "integrity": "sha512-mxaXJPPe+LIJdjzpZEl8I8Wx3dEvlzkBbsr2Ltwc2dTAdnErAZ5R0TxVq2egF27lMvQN2QPQPWI9iDPPdVUmrg==",
      "license": "MIT"
    },
    "node_modules/@tonaljs/pitch-distance": {
      "version": "5.0.5",
      "resolved": "https://registry.npmjs.org/@tonaljs/pitch-distance/-/pitch-distance-5.0.5.tgz",
      "integrity": "sha512-dTfjsU0zyrj5YmiFio5prPaD5w7sBmHp4nnmlEg70nHY+SerAH0KiO9HM9usttVgRFUaXl0Gc7OI8YMGfSFmug==",
      "license": "MIT",
      "dependencies": {
        "@tonaljs/pitch": "5.0.2",
        "@tonaljs/pitch-interval": "6.1.0",
        "@tonaljs/pitch-note": "6.1.0"
      }
    },
    "node_modules/@tonaljs/pitch-interval": {
      "version": "6.1.0",
      "resolved": "https://registry.npmjs.org/@tonaljs/pitch-interval/-/pitch-interval-6.1.0.tgz",
      "integrity": "sha512-9ZMxA7V4UgySnOKPIG6HECzhDb8mbiTCIdNNIzCIfz5XpjUmohku2YZpVVWMacLHgyeQicJzNoRiPel5oSAn4A==",
      "license": "MIT",
      "dependencies": {
        "@tonaljs/pitch": "5.0.2"
      }
    },
    "node_modules/@tonaljs/pitch-note": {
      "version": "6.1.0",
      "resolved": "https://registry.npmjs.org/@tonaljs/pitch-note/-/pitch-note-6.1.0.tgz",
      "integrity": "sha512-A4OSLo8DjM38u73862LnDmL4YInDDRBmg0fojXcvu4cyU3oOlqndyeHOra1OVoH/WW46uNIxNs1wJDZNPWL5KQ==",
      "license": "MIT",
      "dependencies": {
        "@tonaljs/pitch": "5.0.2"
      }
    },
    "node_modules/@tonaljs/progression": {
      "version": "4.9.1",
      "resolved": "https://registry.npmjs.org/@tonaljs/progression/-/progression-4.9.1.tgz",
      "integrity": "sha512-jHdZUNlXRmjrvbZrvjoW6syW7dO9ilhgvyouB6YuVM5lGShwTN9dsSuQYsugso9jYHkwQBgYj5SaXTTY0/0nHw==",
      "license": "MIT",
      "dependencies": {
        "@tonaljs/chord": "6.1.1",
        "@tonaljs/pitch-distance": "5.0.5",
        "@tonaljs/pitch-interval": "6.1.0",
        "@tonaljs/pitch-note": "6.1.0",
        "@tonaljs/roman-numeral": "4.9.1"
      }
    },
    "node_modules/@tonaljs/range": {
      "version": "4.9.1",
      "resolved": "https://registry.npmjs.org/@tonaljs/range/-/range-4.9.1.tgz",
      "integrity": "sha512-7afFvdcdseqiG/kkCL3LuOc9rTNBR4+3H5lKx9MttAHVJq8uRJMooO1GdEziQ5f7UYZPmXd17e6ZXd0AdnkXrA==",
      "license": "MIT",
      "dependencies": {
        "@tonaljs/collection": "4.9.0",
        "@tonaljs/midi": "4.10.1"
      }
    },
    "node_modules/@tonaljs/rhythm-pattern": {
      "version": "1.0.0",
      "resolved": "https://registry.npmjs.org/@tonaljs/rhythm-pattern/-/rhythm-pattern-1.0.0.tgz",
      "integrity": "sha512-3hp4Yw49e6BTWApRNb7arJ6HiICsHRFZYijuPE+vR93lIo9+lxcOMh0OPc4DyupTN7cvFTSB70Z7B/IeEJxhCQ==",
      "license": "MIT"
    },
    "node_modules/@tonaljs/roman-numeral": {
      "version": "4.9.1",
      "resolved": "https://registry.npmjs.org/@tonaljs/roman-numeral/-/roman-numeral-4.9.1.tgz",
      "integrity": "sha512-dJGKBNHdPrNTE97ZDk4t6wpNmgYcpHyLkAvWkRP9I/HsDkeTFFQqNXosYIvspPWrFySlRpeqqFwcqV74MYoOag==",
      "license": "MIT",
      "dependencies": {
        "@tonaljs/pitch": "5.0.2",
        "@tonaljs/pitch-interval": "6.1.0",
        "@tonaljs/pitch-note": "6.1.0"
      }
    },
    "node_modules/@tonaljs/scale": {
      "version": "4.13.2",
      "resolved": "https://registry.npmjs.org/@tonaljs/scale/-/scale-4.13.2.tgz",
      "integrity": "sha512-fL9ydv2gxqipjKI2tEo5OHHyKp/kz0d2kcDHLH8zRR5eyeiYcxL05g34fo4jKydQGWsNSrD0n/DoMTIp4yMIhQ==",
      "license": "MIT",
      "dependencies": {
        "@tonaljs/chord-type": "5.1.1",
        "@tonaljs/collection": "4.9.0",
        "@tonaljs/note": "4.12.0",
        "@tonaljs/pcset": "4.10.1",
        "@tonaljs/pitch-distance": "5.0.5",
        "@tonaljs/pitch-note": "6.1.0",
        "@tonaljs/scale-type": "4.9.1"
      }
    },
    "node_modules/@tonaljs/scale-type": {
      "version": "4.9.1",
      "resolved": "https://registry.npmjs.org/@tonaljs/scale-type/-/scale-type-4.9.1.tgz",
      "integrity": "sha512-Nz2wThzz5NmWNx0vazX7MqNbF8kT1g5BEcbZcWjgkc67zhwosfZE0LEn7W9XcVDEws71b8CqQqDPKUEEybC9Rw==",
      "license": "MIT",
      "dependencies": {
        "@tonaljs/pcset": "4.10.1"
      }
    },
    "node_modules/@tonaljs/time-signature": {
      "version": "4.9.0",
      "resolved": "https://registry.npmjs.org/@tonaljs/time-signature/-/time-signature-4.9.0.tgz",
      "integrity": "sha512-zRo8CBqg/2guzTlF2vxyVIuB5gmwWQaxlknJPUSDII8CTdQ/x3a1LlNoMKkvTUnqwCihe3WrNPZ5XUfOOTthYA==",
      "license": "MIT"
    },
    "node_modules/@tonaljs/voice-leading": {
      "version": "5.1.1",
      "resolved": "https://registry.npmjs.org/@tonaljs/voice-leading/-/voice-leading-5.1.1.tgz",
      "integrity": "sha512-zxjd0lL94I8R7i45zD/NIbUIAXMh+CJzQhpWLfAY47WVZFkrKZH+t+CYGjynYj1kKBlBir9y4RfnxEssAL6PPg==",
      "license": "MIT",
      "dependencies": {
        "@tonaljs/note": "4.12.0"
      }
    },
    "node_modules/@tonaljs/voicing": {
      "version": "5.1.1",
      "resolved": "https://registry.npmjs.org/@tonaljs/voicing/-/voicing-5.1.1.tgz",
      "integrity": "sha512-kxXPtjD1YM9WiMZja7hSgaaYfDNPuRoOYH5yVjeTViFnUSOuHQVLdMLxKdFmj0lcCxEJVV/Ca1Dz2oko/G1A9A==",
      "license": "MIT",
      "dependencies": {
        "@tonaljs/chord": "6.1.1",
        "@tonaljs/interval": "5.1.0",
        "@tonaljs/note": "4.12.0",
        "@tonaljs/range": "4.9.1",
        "@tonaljs/voice-leading": "5.1.1",
        "@tonaljs/voicing-dictionary": "5.1.1"
      }
    },
    "node_modules/@tonaljs/voicing-dictionary": {
      "version": "5.1.1",
      "resolved": "https://registry.npmjs.org/@tonaljs/voicing-dictionary/-/voicing-dictionary-5.1.1.tgz",
      "integrity": "sha512-Wqne6+62TCJR8G8SD9KecUhvjF7QxYk+0BseJpZbdC4qHnrrcrKtW1dxov8aTs8+R6TchA8uHRd1G2umCKp+Ug==",
      "license": "MIT",
      "dependencies": {
        "@tonaljs/chord": "6.1.1",
        "@tonaljs/note": "4.12.0",
        "@tonaljs/voice-leading": "5.1.1"
      }
    },
    "node_modules/automation-events": {
      "version": "7.1.5",
      "resolved": "https://registry.npmjs.org/automation-events/-/automation-events-7.1.5.tgz",
      "integrity": "sha512-1t/XcUE/nhHtAyePNZHQMU3/Ka9E0CB1aA8FpzSwc1EBHMsZBtX6H5sBNngCL7pmlxoaDrpcwwHE7Kd6lkYoWA==",
      "dependencies": {
        "@babel/runtime": "^7.26.0",
        "tslib": "^2.8.1"
      },
      "engines": {
        "node": ">=18.2.0"
      }
    },
    "node_modules/howler": {
      "version": "2.2.4",
      "resolved": "https://registry.npmjs.org/howler/-/howler-2.2.4.tgz",
      "integrity": "sha512-iARIBPgcQrwtEr+tALF+rapJ8qSc+Set2GJQl7xT1MQzWaVkFebdJhR3alVlSiUf5U7nAANKuj3aWpwerocD5w=="
    },
    "node_modules/regenerator-runtime": {
      "version": "0.14.1",
      "resolved": "https://registry.npmjs.org/regenerator-runtime/-/regenerator-runtime-0.14.1.tgz",
      "integrity": "sha512-dYnhHh0nJoMfnkZs6GmmhFknAGRrLznOu5nc9ML+EJxGvrx6H7teuevqVqCuPcPK//3eDrrjQhehXVx9cnkGdw=="
    },
    "node_modules/standardized-audio-context": {
      "version": "25.3.77",
      "resolved": "https://registry.npmjs.org/standardized-audio-context/-/standardized-audio-context-25.3.77.tgz",
      "integrity": "sha512-Ki9zNz6pKcC5Pi+QPjPyVsD9GwJIJWgryji0XL9cAJXMGyn+dPOf6Qik1AHei0+UNVcc4BOCa0hWLBzlwqsW/A==",
      "dependencies": {
        "@babel/runtime": "^7.25.6",
        "automation-events": "^7.0.9",
        "tslib": "^2.7.0"
      }
    },
    "node_modules/tonal": {
      "version": "6.4.1",
      "resolved": "https://registry.npmjs.org/tonal/-/tonal-6.4.1.tgz",
      "integrity": "sha512-zt4xhtKE75ks2OyKP6O1cr69uzj8kRPBrN+cdKwA9cQfk2y2znzur1O3MDxPPLBvoJogma99vGI3SNQHF1y5Gw==",
      "license": "MIT",
      "dependencies": {
        "@tonaljs/abc-notation": "4.9.1",
        "@tonaljs/array": "4.8.4",
        "@tonaljs/chord": "6.1.1",
        "@tonaljs/chord-type": "5.1.1",
        "@tonaljs/collection": "4.9.0",
        "@tonaljs/core": "5.0.2",
        "@tonaljs/duration-value": "4.9.0",
        "@tonaljs/interval": "5.1.0",
        "@tonaljs/key": "4.11.1",
        "@tonaljs/midi": "4.10.1",
        "@tonaljs/mode": "4.9.1",
        "@tonaljs/note": "4.12.0",
        "@tonaljs/pcset": "4.10.1",
        "@tonaljs/progression": "4.9.1",
        "@tonaljs/range": "4.9.1",
        "@tonaljs/rhythm-pattern": "1.0.0",
        "@tonaljs/roman-numeral": "4.9.1",
        "@tonaljs/scale": "4.13.2",
        "@tonaljs/scale-type": "4.9.1",
        "@tonaljs/time-signature": "4.9.0",
        "@tonaljs/voice-leading": "5.1.1",
        "@tonaljs/voicing": "5.1.1",
        "@tonaljs/voicing-dictionary": "5.1.1"
      }
    },
    "node_modules/tone": {
      "version": "15.0.4",
      "resolved": "https://registry.npmjs.org/tone/-/tone-15.0.4.tgz",
      "integrity": "sha512-Fr2xATgdkNhzwMZhrU0DXpkXQyambq73hjHRrBiC0Wkc6aPYRdmkySE9kRFAW878zgMiD+Lqvn/uNHt/7hbdnQ==",
      "dependencies": {
        "standardized-audio-context": "^25.3.70",
        "tslib": "^2.3.1"
      }
    },
    "node_modules/tslib": {
      "version": "2.8.1",
      "resolved": "https://registry.npmjs.org/tslib/-/tslib-2.8.1.tgz",
      "integrity": "sha512-oJFu94HQb+KVduSUQL7wnpmqnfmLsOA/nAh6b6EH0wCEoK0/mPeXU6c3wKDV83MkOuHPRHtSXKKU99IBazS/2w=="
    },
    "node_modules/vexflow": {
      "version": "5.0.0",
      "resolved": "https://registry.npmjs.org/vexflow/-/vexflow-5.0.0.tgz",
      "integrity": "sha512-rjB7TV4ygKE5Fl3W5OlG+0dHv22CFufUJdMG6oNgvcn0zp34u+sOboZsadQXnF1O3tZ3myXThaUIaLkJlpNM2Q==",
      "license": "MIT"
    }
  }
}
